
Microsoft Visual Studio Solution File, Format Version 12.00
# Visual Studio Version 17
VisualStudioVersion = 17.8.34330.188
MinimumVisualStudioVersion = 10.0.40219.1
Project("{FAE04EC0-301F-11D3-BF4B-00C04F79EFBC}") = "Push-messages_deadlines", "Push-messages_deadlines.csproj", "{9A246537-87FB-48DE-9A65-9FFC6DDAEBB1}"
EndProject
Global
	GlobalSection(SolutionConfigurationPlatforms) = preSolution
		Debug|Any CPU = Debug|Any CPU
		Release|Any CPU = Release|Any CPU
	EndGlobalSection
	GlobalSection(ProjectConfigurationPlatforms) = postSolution
		{9A246537-87FB-48DE-9A65-9FFC6DDAEBB1}.Debug|Any CPU.ActiveCfg = Debug|Any CPU
		{9A246537-87FB-48DE-9A65-9FFC6DDAEBB1}.Debug|Any CPU.Build.0 = Debug|Any CPU
		{9A246537-87FB-48DE-9A65-9FFC6DDAEBB1}.Release|Any CPU.ActiveCfg = Release|Any CPU
		{9A246537-87FB-48DE-9A65-9FFC6DDAEBB1}.Release|Any CPU.Build.0 = Release|Any CPU
	EndGlobalSection
	GlobalSection(SolutionProperties) = preSolution
		HideSolutionNode = FALSE
	EndGlobalSection
	GlobalSection(ExtensibilityGlobals) = postSolution
		SolutionGuid = {E5A0C249-CF35-4EF6-A557-A5FB538B0707}
	EndGlobalSection
EndGlobal
